
Microsoft Visual Studio Solution File, Format Version 12.00
# Visual Studio Version 17
VisualStudioVersion = 17.14.37216.2 d17.14
MinimumVisualStudioVersion = 10.0.40219.1
Project("{FAE04EC0-301F-11D3-BF4B-00C04F79EFBC}") = "Backend", "Backend\Backend.csproj", "{2FDFC383-0242-485E-B037-4E7A034649B5}"
EndProject
Project("{FAE04EC0-301F-11D3-BF4B-00C04F79EFBC}") = "BackendTests", "BackendTests\BackendTests.csproj", "{1800919F-CDA8-4BC1-AF40-5B4E52E8C7FC}"
EndProject
Global
	GlobalSection(SolutionConfigurationPlatforms) = preSolution
		Debug|Any CPU = Debug|Any CPU
		Release|Any CPU = Release|Any CPU
	EndGlobalSection
	GlobalSection(ProjectConfigurationPlatforms) = postSolution
		{2FDFC383-0242-485E-B037-4E7A034649B5}.Debug|Any CPU.ActiveCfg = Debug|Any CPU
		{2FDFC383-0242-485E-B037-4E7A034649B5}.Debug|Any CPU.Build.0 = Debug|Any CPU
		{2FDFC383-0242-485E-B037-4E7A034649B5}.Release|Any CPU.ActiveCfg = Release|Any CPU
		{2FDFC383-0242-485E-B037-4E7A034649B5}.Release|Any CPU.Build.0 = Release|Any CPU
		{1800919F-CDA8-4BC1-AF40-5B4E52E8C7FC}.Debug|Any CPU.ActiveCfg = Debug|Any CPU
		{1800919F-CDA8-4BC1-AF40-5B4E52E8C7FC}.Debug|Any CPU.Build.0 = Debug|Any CPU
		{1800919F-CDA8-4BC1-AF40-5B4E52E8C7FC}.Release|Any CPU.ActiveCfg = Release|Any CPU
		{1800919F-CDA8-4BC1-AF40-5B4E52E8C7FC}.Release|Any CPU.Build.0 = Release|Any CPU
	EndGlobalSection
	GlobalSection(SolutionProperties) = preSolution
		HideSolutionNode = FALSE
	EndGlobalSection
	GlobalSection(ExtensibilityGlobals) = postSolution
		SolutionGuid = {ED6BC00B-EDE3-4B5B-9140-D4646E9C0E4C}
	EndGlobalSection
EndGlobal
